// !$*UTF8*$!
{
	archiveVersion = 1;
	classes = {
	};
	objectVersion = 56;
	objects = {

/* Begin PBXBuildFile section */
		8FD7C4072D4AA87100A6470F /* LoggerModule.swift in Sources */ = {isa = PBXBuildFile; fileRef = 8FD7C4062D4AA87100A6470F /* LoggerModule.swift */; };
		8FE559DF2D45BD6C00C5E3E6 /* ContentView.swift in Sources */ = {isa = PBXBuildFile; fileRef = 8FE559DE2D45BD6C00C5E3E6 /* ContentView.swift */; };
		8FE559E12D45BD6E00C5E3E6 /* Assets.xcassets in Resources */ = {isa = PBXBuildFile; fileRef = 8FE559E02D45BD6E00C5E3E6 /* Assets.xcassets */; };
		8FE559E52D45BD6E00C5E3E6 /* Preview Assets.xcassets in Resources */ = {isa = PBXBuildFile; fileRef = 8FE559E42D45BD6E00C5E3E6 /* Preview Assets.xcassets */; };
		8FE559EF2D45BD9D00C5E3E6 /* AppEntry in Frameworks */ = {isa = PBXBuildFile; productRef = 8FE559EE2D45BD9D00C5E3E6 /* AppEntry */; };
		8FE559F02D45BD9D00C5E3E6 /* AppEntry in Embed Frameworks */ = {isa = PBXBuildFile; productRef = 8FE559EE2D45BD9D00C5E3E6 /* AppEntry */; settings = {ATTRIBUTES = (CodeSignOnCopy, ); }; };
		8FE559F32D46A09300C5E3E6 /* EntryModule.swift in Sources */ = {isa = PBXBuildFile; fileRef = 8FE559F22D46A09300C5E3E6 /* EntryModule.swift */; };
		8FE559F82D46D2AE00C5E3E6 /* Launch.storyboard in Resources */ = {isa = PBXBuildFile; fileRef = 8FE559F72D46D2AE00C5E3E6 /* Launch.storyboard */; platformFilter = ios; };
		8FE559FD2D473E6800C5E3E6 /* PrivacyModule.swift in Sources */ = {isa = PBXBuildFile; fileRef = 8FE559FC2D473E6800C5E3E6 /* PrivacyModule.swift */; };
		8FE559FF2D4749C000C5E3E6 /* PrivacyView.swift in Sources */ = {isa = PBXBuildFile; fileRef = 8FE559FE2D4749C000C5E3E6 /* PrivacyView.swift */; };
/* End PBXBuildFile section */

/* Begin PBXCopyFilesBuildPhase section */
		8FE559F12D45BD9D00C5E3E6 /* Embed Frameworks */ = {
			isa = PBXCopyFilesBuildPhase;
			buildActionMask = 2147483647;
			dstPath = "";
			dstSubfolderSpec = 10;
			files = (
				8FE559F02D45BD9D00C5E3E6 /* AppEntry in Embed Frameworks */,
			);
			name = "Embed Frameworks";
			runOnlyForDeploymentPostprocessing = 0;
		};
/* End PBXCopyFilesBuildPhase section */

/* Begin PBXFileReference section */
		8FD7C4062D4AA87100A6470F /* LoggerModule.swift */ = {isa = PBXFileReference; lastKnownFileType = sourcecode.swift; path = LoggerModule.swift; sourceTree = "<group>"; };
		8FE559D92D45BD6C00C5E3E6 /* Example.app */ = {isa = PBXFileReference; explicitFileType = wrapper.application; includeInIndex = 0; path = Example.app; sourceTree = BUILT_PRODUCTS_DIR; };
		8FE559DE2D45BD6C00C5E3E6 /* ContentView.swift */ = {isa = PBXFileReference; lastKnownFileType = sourcecode.swift; path = ContentView.swift; sourceTree = "<group>"; };
		8FE559E02D45BD6E00C5E3E6 /* Assets.xcassets */ = {isa = PBXFileReference; lastKnownFileType = folder.assetcatalog; path = Assets.xcassets; sourceTree = "<group>"; };
		8FE559E22D45BD6E00C5E3E6 /* Example.entitlements */ = {isa = PBXFileReference; lastKnownFileType = text.plist.entitlements; path = Example.entitlements; sourceTree = "<group>"; };
		8FE559E42D45BD6E00C5E3E6 /* Preview Assets.xcassets */ = {isa = PBXFileReference; lastKnownFileType = folder.assetcatalog; path = "Preview Assets.xcassets"; sourceTree = "<group>"; };
		8FE559EC2D45BD7D00C5E3E6 /* AppService */ = {isa = PBXFileReference; lastKnownFileType = wrapper; name = AppService; path = ..; sourceTree = "<group>"; };
		8FE559F22D46A09300C5E3E6 /* EntryModule.swift */ = {isa = PBXFileReference; lastKnownFileType = sourcecode.swift; path = EntryModule.swift; sourceTree = "<group>"; };
		8FE559F72D46D2AE00C5E3E6 /* Launch.storyboard */ = {isa = PBXFileReference; lastKnownFileType = file.storyboard; path = Launch.storyboard; sourceTree = "<group>"; };
		8FE559FC2D473E6800C5E3E6 /* PrivacyModule.swift */ = {isa = PBXFileReference; lastKnownFileType = sourcecode.swift; path = PrivacyModule.swift; sourceTree = "<group>"; };
		8FE559FE2D4749C000C5E3E6 /* PrivacyView.swift */ = {isa = PBXFileReference; lastKnownFileType = sourcecode.swift; path = PrivacyView.swift; sourceTree = "<group>"; };
/* End PBXFileReference section */

/* Begin PBXFrameworksBuildPhase section */
		8FE559D62D45BD6B00C5E3E6 /* Frameworks */ = {
			isa = PBXFrameworksBuildPhase;
			buildActionMask = 2147483647;
			files = (
				8FE559EF2D45BD9D00C5E3E6 /* AppEntry in Frameworks */,
			);
			runOnlyForDeploymentPostprocessing = 0;
		};
/* End PBXFrameworksBuildPhase section */

/* Begin PBXGroup section */
		8FE559D02D45BD6B00C5E3E6 = {
			isa = PBXGroup;
			children = (
				8FE559EB2D45BD7D00C5E3E6 /* Packages */,
				8FE559DB2D45BD6C00C5E3E6 /* Example */,
				8FE559DA2D45BD6C00C5E3E6 /* Products */,
				8FE559ED2D45BD9D00C5E3E6 /* Frameworks */,
			);
			sourceTree = "<group>";
		};
		8FE559DA2D45BD6C00C5E3E6 /* Products */ = {
			isa = PBXGroup;
			children = (
				8FE559D92D45BD6C00C5E3E6 /* Example.app */,
			);
			name = Products;
			sourceTree = "<group>";
		};
		8FE559DB2D45BD6C00C5E3E6 /* Example */ = {
			isa = PBXGroup;
			children = (
				8FE559F22D46A09300C5E3E6 /* EntryModule.swift */,
				8FE559FC2D473E6800C5E3E6 /* PrivacyModule.swift */,
				8FD7C4062D4AA87100A6470F /* LoggerModule.swift */,
				8FE559FB2D4738C200C5E3E6 /* Views */,
				8FE559F42D46D21400C5E3E6 /* Resources */,
				8FE559E32D45BD6E00C5E3E6 /* Preview Content */,
			);
			path = Example;
			sourceTree = "<group>";
		};
		8FE559E32D45BD6E00C5E3E6 /* Preview Content */ = {
			isa = PBXGroup;
			children = (
				8FE559E42D45BD6E00C5E3E6 /* Preview Assets.xcassets */,
			);
			path = "Preview Content";
			sourceTree = "<group>";
		};
		8FE559EB2D45BD7D00C5E3E6 /* Packages */ = {
			isa = PBXGroup;
			children = (
				8FE559EC2D45BD7D00C5E3E6 /* AppService */,
			);
			name = Packages;
			sourceTree = "<group>";
		};
		8FE559ED2D45BD9D00C5E3E6 /* Frameworks */ = {
			isa = PBXGroup;
			children = (
			);
			name = Frameworks;
			sourceTree = "<group>";
		};
		8FE559F42D46D21400C5E3E6 /* Resources */ = {
			isa = PBXGroup;
			children = (
				8FE559E22D45BD6E00C5E3E6 /* Example.entitlements */,
				8FE559E02D45BD6E00C5E3E6 /* Assets.xcassets */,
				8FE559F72D46D2AE00C5E3E6 /* Launch.storyboard */,
			);
			path = Resources;
			sourceTree = "<group>";
		};
		8FE559FB2D4738C200C5E3E6 /* Views */ = {
			isa = PBXGroup;
			children = (
				8FE559DE2D45BD6C00C5E3E6 /* ContentView.swift */,
				8FE559FE2D4749C000C5E3E6 /* PrivacyView.swift */,
			);
			path = Views;
			sourceTree = "<group>";
		};
/* End PBXGroup section */

/* Begin PBXNativeTarget section */
		8FE559D82D45BD6B00C5E3E6 /* Example */ = {
			isa = PBXNativeTarget;
			buildConfigurationList = 8FE559E82D45BD6E00C5E3E6 /* Build configuration list for PBXNativeTarget "Example" */;
			buildPhases = (
				8FE559D52D45BD6B00C5E3E6 /* Sources */,
				8FE559D62D45BD6B00C5E3E6 /* Frameworks */,
				8FE559D72D45BD6B00C5E3E6 /* Resources */,
				8FE559F12D45BD9D00C5E3E6 /* Embed Frameworks */,
			);
			buildRules = (
			);
			dependencies = (
			);
			name = Example;
			packageProductDependencies = (
				8FE559EE2D45BD9D00C5E3E6 /* AppEntry */,
			);
			productName = Example;
			productReference = 8FE559D92D45BD6C00C5E3E6 /* Example.app */;
			productType = "com.apple.product-type.application";
		};
/* End PBXNativeTarget section */

/* Begin PBXProject section */
		8FE559D12D45BD6B00C5E3E6 /* Project object */ = {
			isa = PBXProject;
			attributes = {
				BuildIndependentTargetsInParallel = 1;
				LastSwiftUpdateCheck = 1420;
				LastUpgradeCheck = 1420;
				TargetAttributes = {
					8FE559D82D45BD6B00C5E3E6 = {
						CreatedOnToolsVersion = 14.2;
					};
				};
			};
			buildConfigurationList = 8FE559D42D45BD6B00C5E3E6 /* Build configuration list for PBXProject "Example" */;
			compatibilityVersion = "Xcode 14.0";
			developmentRegion = en;
			hasScannedForEncodings = 0;
			knownRegions = (
				en,
				Base,
			);
			mainGroup = 8FE559D02D45BD6B00C5E3E6;
			productRefGroup = 8FE559DA2D45BD6C00C5E3E6 /* Products */;
			projectDirPath = "";
			projectRoot = "";
			targets = (
				8FE559D82D45BD6B00C5E3E6 /* Example */,
			);
		};
/* End PBXProject section */

/* Begin PBXResourcesBuildPhase section */
		8FE559D72D45BD6B00C5E3E6 /* Resources */ = {
			isa = PBXResourcesBuildPhase;
			buildActionMask = 2147483647;
			files = (
				8FE559E52D45BD6E00C5E3E6 /* Preview Assets.xcassets in Resources */,
				8FE559E12D45BD6E00C5E3E6 /* Assets.xcassets in Resources */,
				8FE559F82D46D2AE00C5E3E6 /* Launch.storyboard in Resources */,
			);
			runOnlyForDeploymentPostprocessing = 0;
		};
/* End PBXResourcesBuildPhase section */

/* Begin PBXSourcesBuildPhase section */
		8FE559D52D45BD6B00C5E3E6 /* Sources */ = {
			isa = PBXSourcesBuildPhase;
			buildActionMask = 2147483647;
			files = (
				8FE559F32D46A09300C5E3E6 /* EntryModule.swift in Sources */,
				8FE559FF2D4749C000C5E3E6 /* PrivacyView.swift in Sources */,
				8FE559FD2D473E6800C5E3E6 /* PrivacyModule.swift in Sources */,
				8FE559DF2D45BD6C00C5E3E6 /* ContentView.swift in Sources */,
				8FD7C4072D4AA87100A6470F /* LoggerModule.swift in Sources */,
			);
			runOnlyForDeploymentPostprocessing = 0;
		};
/* End PBXSourcesBuildPhase section */

/* Begin XCBuildConfiguration section */
		8FE559E62D45BD6E00C5E3E6 /* Debug */ = {
			isa = XCBuildConfiguration;
			buildSettings = {
				ALWAYS_SEARCH_USER_PATHS = NO;
				CLANG_ANALYZER_NONNULL = YES;
				CLANG_ANALYZER_NUMBER_OBJECT_CONVERSION = YES_AGGRESSIVE;
				CLANG_CXX_LANGUAGE_STANDARD = "gnu++20";
				CLANG_ENABLE_MODULES = YES;
				CLANG_ENABLE_OBJC_ARC = YES;
				CLANG_ENABLE_OBJC_WEAK = YES;
				CLANG_WARN_BLOCK_CAPTURE_AUTORELEASING = YES;
				CLANG_WARN_BOOL_CONVERSION = YES;
				CLANG_WARN_COMMA = YES;
				CLANG_WARN_CONSTANT_CONVERSION = YES;
				CLANG_WARN_DEPRECATED_OBJC_IMPLEMENTATIONS = YES;
				CLANG_WARN_DIRECT_OBJC_ISA_USAGE = YES_ERROR;
				CLANG_WARN_DOCUMENTATION_COMMENTS = YES;
				CLANG_WARN_EMPTY_BODY = YES;
				CLANG_WARN_ENUM_CONVERSION = YES;
				CLANG_WARN_INFINITE_RECURSION = YES;
				CLANG_WARN_INT_CONVERSION = YES;
				CLANG_WARN_NON_LITERAL_NULL_CONVERSION = YES;
				CLANG_WARN_OBJC_IMPLICIT_RETAIN_SELF = YES;
				CLANG_WARN_OBJC_LITERAL_CONVERSION = YES;
				CLANG_WARN_OBJC_ROOT_CLASS = YES_ERROR;
				CLANG_WARN_QUOTED_INCLUDE_IN_FRAMEWORK_HEADER = YES;
				CLANG_WARN_RANGE_LOOP_ANALYSIS = YES;
				CLANG_WARN_STRICT_PROTOTYPES = YES;
				CLANG_WARN_SUSPICIOUS_MOVE = YES;
				CLANG_WARN_UNGUARDED_AVAILABILITY = YES_AGGRESSIVE;
				CLANG_WARN_UNREACHABLE_CODE = YES;
				CLANG_WARN__DUPLICATE_METHOD_MATCH = YES;
				COPY_PHASE_STRIP = NO;
				DEBUG_INFORMATION_FORMAT = dwarf;
				ENABLE_STRICT_OBJC_MSGSEND = YES;
				ENABLE_TESTABILITY = YES;
				GCC_C_LANGUAGE_STANDARD = gnu11;
				GCC_DYNAMIC_NO_PIC = NO;
				GCC_NO_COMMON_BLOCKS = YES;
				GCC_OPTIMIZATION_LEVEL = 0;
				GCC_PREPROCESSOR_DEFINITIONS = (
					"DEBUG=1",
					"$(inherited)",
				);
				GCC_WARN_64_TO_32_BIT_CONVERSION = YES;
				GCC_WARN_ABOUT_RETURN_TYPE = YES_ERROR;
				GCC_WARN_UNDECLARED_SELECTOR = YES;
				GCC_WARN_UNINITIALIZED_AUTOS = YES_AGGRESSIVE;
				GCC_WARN_UNUSED_FUNCTION = YES;
				GCC_WARN_UNUSED_VARIABLE = YES;
				IPHONEOS_DEPLOYMENT_TARGET = 14.0;
				MACOSX_DEPLOYMENT_TARGET = 11.0;
				MTL_ENABLE_DEBUG_INFO = INCLUDE_SOURCE;
				MTL_FAST_MATH = YES;
				ONLY_ACTIVE_ARCH = YES;
				SWIFT_ACTIVE_COMPILATION_CONDITIONS = DEBUG;
				SWIFT_OPTIMIZATION_LEVEL = "-Onone";
				TVOS_DEPLOYMENT_TARGET = 14.0;
			};
			name = Debug;
		};
		8FE559E72D45BD6E00C5E3E6 /* Release */ = {
			isa = XCBuildConfiguration;
			buildSettings = {
				ALWAYS_SEARCH_USER_PATHS = NO;
				CLANG_ANALYZER_NONNULL = YES;
				CLANG_ANALYZER_NUMBER_OBJECT_CONVERSION = YES_AGGRESSIVE;
				CLANG_CXX_LANGUAGE_STANDARD = "gnu++20";
				CLANG_ENABLE_MODULES = YES;
				CLANG_ENABLE_OBJC_ARC = YES;
				CLANG_ENABLE_OBJC_WEAK = YES;
				CLANG_WARN_BLOCK_CAPTURE_AUTORELEASING = YES;
				CLANG_WARN_BOOL_CONVERSION = YES;
				CLANG_WARN_COMMA = YES;
				CLANG_WARN_CONSTANT_CONVERSION = YES;
				CLANG_WARN_DEPRECATED_OBJC_IMPLEMENTATIONS = YES;
				CLANG_WARN_DIRECT_OBJC_ISA_USAGE = YES_ERROR;
				CLANG_WARN_DOCUMENTATION_COMMENTS = YES;
				CLANG_WARN_EMPTY_BODY = YES;
				CLANG_WARN_ENUM_CONVERSION = YES;
				CLANG_WARN_INFINITE_RECURSION = YES;
				CLANG_WARN_INT_CONVERSION = YES;
				CLANG_WARN_NON_LITERAL_NULL_CONVERSION = YES;
				CLANG_WARN_OBJC_IMPLICIT_RETAIN_SELF = YES;
				CLANG_WARN_OBJC_LITERAL_CONVERSION = YES;
				CLANG_WARN_OBJC_ROOT_CLASS = YES_ERROR;
				CLANG_WARN_QUOTED_INCLUDE_IN_FRAMEWORK_HEADER = YES;
				CLANG_WARN_RANGE_LOOP_ANALYSIS = YES;
				CLANG_WARN_STRICT_PROTOTYPES = YES;
				CLANG_WARN_SUSPICIOUS_MOVE = YES;
				CLANG_WARN_UNGUARDED_AVAILABILITY = YES_AGGRESSIVE;
				CLANG_WARN_UNREACHABLE_CODE = YES;
				CLANG_WARN__DUPLICATE_METHOD_MATCH = YES;
				COPY_PHASE_STRIP = NO;
				DEBUG_INFORMATION_FORMAT = "dwarf-with-dsym";
				ENABLE_NS_ASSERTIONS = NO;
				ENABLE_STRICT_OBJC_MSGSEND = YES;
				GCC_C_LANGUAGE_STANDARD = gnu11;
				GCC_NO_COMMON_BLOCKS = YES;
				GCC_WARN_64_TO_32_BIT_CONVERSION = YES;
				GCC_WARN_ABOUT_RETURN_TYPE = YES_ERROR;
				GCC_WARN_UNDECLARED_SELECTOR = YES;
				GCC_WARN_UNINITIALIZED_AUTOS = YES_AGGRESSIVE;
				GCC_WARN_UNUSED_FUNCTION = YES;
				GCC_WARN_UNUSED_VARIABLE = YES;
				IPHONEOS_DEPLOYMENT_TARGET = 14.0;
				MACOSX_DEPLOYMENT_TARGET = 11.0;
				MTL_ENABLE_DEBUG_INFO = NO;
				MTL_FAST_MATH = YES;
				SWIFT_COMPILATION_MODE = wholemodule;
				SWIFT_OPTIMIZATION_LEVEL = "-O";
				TVOS_DEPLOYMENT_TARGET = 14.0;
			};
			name = Release;
		};
		8FE559E92D45BD6E00C5E3E6 /* Debug */ = {
			isa = XCBuildConfiguration;
			buildSettings = {
				ASSETCATALOG_COMPILER_APPICON_NAME = AppIcon;
				ASSETCATALOG_COMPILER_GLOBAL_ACCENT_COLOR_NAME = AccentColor;
				CODE_SIGN_ENTITLEMENTS = Example/Resources/Example.entitlements;
				CODE_SIGN_STYLE = Automatic;
				CURRENT_PROJECT_VERSION = 1;
				DEVELOPMENT_ASSET_PATHS = "\"Example/Preview Content\"";
				DEVELOPMENT_TEAM = DVP3U56PW8;
				ENABLE_HARDENED_RUNTIME = YES;
				ENABLE_PREVIEWS = YES;
				GENERATE_INFOPLIST_FILE = YES;
				"INFOPLIST_KEY_UIApplicationSceneManifest_Generation[sdk=iphoneos*]" = YES;
				"INFOPLIST_KEY_UIApplicationSceneManifest_Generation[sdk=iphonesimulator*]" = YES;
				"INFOPLIST_KEY_UIApplicationSupportsIndirectInputEvents[sdk=iphoneos*]" = YES;
				"INFOPLIST_KEY_UIApplicationSupportsIndirectInputEvents[sdk=iphonesimulator*]" = YES;
				"INFOPLIST_KEY_UILaunchScreen_Generation[sdk=iphoneos*]" = YES;
				"INFOPLIST_KEY_UILaunchScreen_Generation[sdk=iphonesimulator*]" = YES;
				INFOPLIST_KEY_UILaunchStoryboardName = Launch.storyboard;
				"INFOPLIST_KEY_UIStatusBarStyle[sdk=iphoneos*]" = UIStatusBarStyleDefault;
				"INFOPLIST_KEY_UIStatusBarStyle[sdk=iphonesimulator*]" = UIStatusBarStyleDefault;
				INFOPLIST_KEY_UISupportedInterfaceOrientations_iPad = "UIInterfaceOrientationPortrait UIInterfaceOrientationPortraitUpsideDown UIInterfaceOrientationLandscapeLeft UIInterfaceOrientationLandscapeRight";
				INFOPLIST_KEY_UISupportedInterfaceOrientations_iPhone = "UIInterfaceOrientationPortrait UIInterfaceOrientationLandscapeLeft UIInterfaceOrientationLandscapeRight";
				IPHONEOS_DEPLOYMENT_TARGET = 13.0;
				LD_RUNPATH_SEARCH_PATHS = "@executable_path/Frameworks";
				"LD_RUNPATH_SEARCH_PATHS[sdk=macosx*]" = "@executable_path/../Frameworks";
				MARKETING_VERSION = 1.0;
				PRODUCT_BUNDLE_IDENTIFIER = com.github.yaochenfeng.Example;
				PRODUCT_NAME = "$(TARGET_NAME)";
				SDKROOT = auto;
				SUPPORTED_PLATFORMS = "appletvos appletvsimulator iphoneos iphonesimulator macosx";
				SUPPORTS_MACCATALYST = YES;
				SUPPORTS_MAC_DESIGNED_FOR_IPHONE_IPAD = NO;
				SWIFT_EMIT_LOC_STRINGS = YES;
				SWIFT_VERSION = 5.0;
				TARGETED_DEVICE_FAMILY = "1,2,3";
			};
			name = Debug;
		};
		8FE559EA2D45BD6E00C5E3E6 /* Release */ = {
			isa = XCBuildConfiguration;
			buildSettings = {
				ASSETCATALOG_COMPILER_APPICON_NAME = AppIcon;
				ASSETCATALOG_COMPILER_GLOBAL_ACCENT_COLOR_NAME = AccentColor;
				CODE_SIGN_ENTITLEMENTS = Example/Resources/Example.entitlements;
				CODE_SIGN_STYLE = Automatic;
				CURRENT_PROJECT_VERSION = 1;
				DEVELOPMENT_ASSET_PATHS = "\"Example/Preview Content\"";
				DEVELOPMENT_TEAM = DVP3U56PW8;
				ENABLE_HARDENED_RUNTIME = YES;
				ENABLE_PREVIEWS = YES;
				GENERATE_INFOPLIST_FILE = YES;
				"INFOPLIST_KEY_UIApplicationSceneManifest_Generation[sdk=iphoneos*]" = YES;
				"INFOPLIST_KEY_UIApplicationSceneManifest_Generation[sdk=iphonesimulator*]" = YES;
				"INFOPLIST_KEY_UIApplicationSupportsIndirectInputEvents[sdk=iphoneos*]" = YES;
				"INFOPLIST_KEY_UIApplicationSupportsIndirectInputEvents[sdk=iphonesimulator*]" = YES;
				"INFOPLIST_KEY_UILaunchScreen_Generation[sdk=iphoneos*]" = YES;
				"INFOPLIST_KEY_UILaunchScreen_Generation[sdk=iphonesimulator*]" = YES;
				INFOPLIST_KEY_UILaunchStoryboardName = Launch.storyboard;
				"INFOPLIST_KEY_UIStatusBarStyle[sdk=iphoneos*]" = UIStatusBarStyleDefault;
				"INFOPLIST_KEY_UIStatusBarStyle[sdk=iphonesimulator*]" = UIStatusBarStyleDefault;
				INFOPLIST_KEY_UISupportedInterfaceOrientations_iPad = "UIInterfaceOrientationPortrait UIInterfaceOrientationPortraitUpsideDown UIInterfaceOrientationLandscapeLeft UIInterfaceOrientationLandscapeRight";
				INFOPLIST_KEY_UISupportedInterfaceOrientations_iPhone = "UIInterfaceOrientationPortrait UIInterfaceOrientationLandscapeLeft UIInterfaceOrientationLandscapeRight";
				IPHONEOS_DEPLOYMENT_TARGET = 13.0;
				LD_RUNPATH_SEARCH_PATHS = "@executable_path/Frameworks";
				"LD_RUNPATH_SEARCH_PATHS[sdk=macosx*]" = "@executable_path/../Frameworks";
				MARKETING_VERSION = 1.0;
				PRODUCT_BUNDLE_IDENTIFIER = com.github.yaochenfeng.Example;
				PRODUCT_NAME = "$(TARGET_NAME)";
				SDKROOT = auto;
				SUPPORTED_PLATFORMS = "appletvos appletvsimulator iphoneos iphonesimulator macosx";
				SUPPORTS_MACCATALYST = YES;
				SUPPORTS_MAC_DESIGNED_FOR_IPHONE_IPAD = NO;
				SWIFT_EMIT_LOC_STRINGS = YES;
				SWIFT_VERSION = 5.0;
				TARGETED_DEVICE_FAMILY = "1,2,3";
			};
			name = Release;
		};
/* End XCBuildConfiguration section */

/* Begin XCConfigurationList section */
		8FE559D42D45BD6B00C5E3E6 /* Build configuration list for PBXProject "Example" */ = {
			isa = XCConfigurationList;
			buildConfigurations = (
				8FE559E62D45BD6E00C5E3E6 /* Debug */,
				8FE559E72D45BD6E00C5E3E6 /* Release */,
			);
			defaultConfigurationIsVisible = 0;
			defaultConfigurationName = Release;
		};
		8FE559E82D45BD6E00C5E3E6 /* Build configuration list for PBXNativeTarget "Example" */ = {
			isa = XCConfigurationList;
			buildConfigurations = (
				8FE559E92D45BD6E00C5E3E6 /* Debug */,
				8FE559EA2D45BD6E00C5E3E6 /* Release */,
			);
			defaultConfigurationIsVisible = 0;
			defaultConfigurationName = Release;
		};
/* End XCConfigurationList section */

/* Begin XCSwiftPackageProductDependency section */
		8FE559EE2D45BD9D00C5E3E6 /* AppEntry */ = {
			isa = XCSwiftPackageProductDependency;
			productName = AppEntry;
		};
/* End XCSwiftPackageProductDependency section */
	};
	rootObject = 8FE559D12D45BD6B00C5E3E6 /* Project object */;
}
